
Microsoft Visual Studio Solution File, Format Version 12.00
# Visual Studio Version 17
VisualStudioVersion = 17.13.35825.156 d17.13
MinimumVisualStudioVersion = 10.0.40219.1
Project("{FAE04EC0-301F-11D3-BF4B-00C04F79EFBC}") = "JQueryCrud", "JQueryCrud\JQueryCrud.csproj", "{544EAE5F-EC78-4176-8700-E34EBD8B7C65}"
EndProject
Global
	GlobalSection(SolutionConfigurationPlatforms) = preSolution
		Debug|Any CPU = Debug|Any CPU
		Release|Any CPU = Release|Any CPU
	EndGlobalSection
	GlobalSection(ProjectConfigurationPlatforms) = postSolution
		{544EAE5F-EC78-4176-8700-E34EBD8B7C65}.Debug|Any CPU.ActiveCfg = Debug|Any CPU
		{544EAE5F-EC78-4176-8700-E34EBD8B7C65}.Debug|Any CPU.Build.0 = Debug|Any CPU
		{544EAE5F-EC78-4176-8700-E34EBD8B7C65}.Release|Any CPU.ActiveCfg = Release|Any CPU
		{544EAE5F-EC78-4176-8700-E34EBD8B7C65}.Release|Any CPU.Build.0 = Release|Any CPU
	EndGlobalSection
	GlobalSection(SolutionProperties) = preSolution
		HideSolutionNode = FALSE
	EndGlobalSection
	GlobalSection(ExtensibilityGlobals) = postSolution
		SolutionGuid = {B8221DCD-317C-4725-881C-126085A0A730}
	EndGlobalSection
EndGlobal
